{
  "name": "winston-winlog3",
  "version": "1.0.2",
  "lockfileVersion": 3,
  "requires": true,
  "packages": {
    "": {
      "name": "winston-winlog3",
      "version": "1.0.2",
      "license": "MIT",
      "dependencies": {
        "circular-json": "^0.1.6",
        "node-eventlog": "github.com:Distributive-Network/node-eventlog#7d250cdda8ca0873812ceac5ddede7aee680e5b0",
        "winston": "^1.0.0"
      }
    },
    "github.com:Distributive-Network/node-eventlog": {},
    "node_modules/async": {
      "version": "1.0.0",
      "resolved": "https://registry.npmjs.org/async/-/async-1.0.0.tgz",
      "integrity": "sha512-5mO7DX4CbJzp9zjaFXusQQ4tzKJARjNB1Ih1pVBi8wkbmXy/xzIDgEMXxWePLzt2OdFwaxfneIlT1nCiXubrPQ=="
    },
    "node_modules/circular-json": {
      "version": "0.1.6",
      "resolved": "https://registry.npmjs.org/circular-json/-/circular-json-0.1.6.tgz",
      "integrity": "sha512-bxW0qH+LrPPbbuKTcbvKCcWOg/Z6qeKv9wQngFjUGNQ6AvBgdNncwO/QFBAuStInwR9WvaY0VV5qoYY5aWhjmQ==",
      "deprecated": "CircularJSON is in maintenance only, flatted is its successor.",
      "dependencies": {
        "wru": ">= 0.0.0"
      }
    },
    "node_modules/colors": {
      "version": "1.0.3",
      "resolved": "https://registry.npmjs.org/colors/-/colors-1.0.3.tgz",
      "integrity": "sha512-pFGrxThWcWQ2MsAz6RtgeWe4NK2kUE1WfsrvvlctdII745EW9I0yflqhe7++M5LEc7bV2c/9/5zc8sFcpL0Drw==",
      "engines": {
        "node": ">=0.1.90"
      }
    },
    "node_modules/cycle": {
      "version": "1.0.3",
      "resolved": "https://registry.npmjs.org/cycle/-/cycle-1.0.3.tgz",
      "integrity": "sha512-TVF6svNzeQCOpjCqsy0/CSy8VgObG3wXusJ73xW2GbG5rGx7lC8zxDSURicsXI2UsGdi2L0QNRCi745/wUDvsA==",
      "engines": {
        "node": ">=0.4.0"
      }
    },
    "node_modules/eyes": {
      "version": "0.1.8",
      "resolved": "https://registry.npmjs.org/eyes/-/eyes-0.1.8.tgz",
      "integrity": "sha512-GipyPsXO1anza0AOZdy69Im7hGFCNB7Y/NGjDlZGJ3GJJLtwNSb2vrzYrTYJRrRloVx7pl+bhUaTB8yiccPvFQ==",
      "engines": {
        "node": "> 0.1.90"
      }
    },
    "node_modules/isstream": {
      "version": "0.1.2",
      "resolved": "https://registry.npmjs.org/isstream/-/isstream-0.1.2.tgz",
      "integrity": "sha512-Yljz7ffyPbrLpLngrMtZ7NduUgVvi6wG9RJ9IUcyCd59YQ911PBJphODUcbOVbqYfxe1wuYf/LJ8PauMRwsM/g=="
    },
    "node_modules/node-eventlog": {
      "resolved": "github.com:Distributive-Network/node-eventlog",
      "link": true
    },
    "node_modules/pkginfo": {
      "version": "0.3.1",
      "resolved": "https://registry.npmjs.org/pkginfo/-/pkginfo-0.3.1.tgz",
      "integrity": "sha512-yO5feByMzAp96LtP58wvPKSbaKAi/1C4kV9XpTctr6EepnP6F33RBNOiVrdz9BrPA98U2BMFsTNHo44TWcbQ2A==",
      "engines": {
        "node": ">= 0.4.0"
      }
    },
    "node_modules/stack-trace": {
      "version": "0.0.10",
      "resolved": "https://registry.npmjs.org/stack-trace/-/stack-trace-0.0.10.tgz",
      "integrity": "sha512-KGzahc7puUKkzyMt+IqAep+TVNbKP+k2Lmwhub39m1AsTSkaDutx56aDCo+HLDzf/D26BIHTJWNiTG1KAJiQCg==",
      "engines": {
        "node": "*"
      }
    },
    "node_modules/winston": {
      "version": "1.1.2",
      "resolved": "https://registry.npmjs.org/winston/-/winston-1.1.2.tgz",
      "integrity": "sha512-rl9hA8se2gjdYI6nP1f+kjjSCFCZrObIJB/eXOcMdzWxxcYp7exyc5Bs248fwLT+wHA/+aK0VtBlPHL8qO0T0w==",
      "dependencies": {
        "async": "~1.0.0",
        "colors": "1.0.x",
        "cycle": "1.0.x",
        "eyes": "0.1.x",
        "isstream": "0.1.x",
        "pkginfo": "0.3.x",
        "stack-trace": "0.0.x"
      },
      "engines": {
        "node": ">= 0.8.0"
      }
    },
    "node_modules/wru": {
      "version": "0.3.0",
      "resolved": "https://registry.npmjs.org/wru/-/wru-0.3.0.tgz",
      "integrity": "sha512-294knNvn7bp/wPaerDGyq77Kl2Hdw3xVc0fXpjw/LbT3gmU1+CCXKaxpFAwr1NptVJUNybmG+Dbq6eMYZE4sTg==",
      "deprecated": "Sorry folks, no time to maintain this good old friend",
      "bin": {
        "wru": "node/program.js"
      },
      "engines": {
        "node": ">= 0.4.0"
      }
    }
  }
}
